
Microsoft Visual Studio Solution File, Format Version 11.00
# Visual Studio 2010
# SharpDevelop 5.1
Project("{FAE04EC0-301F-11D3-BF4B-00C04F79EFBC}") = "Exemplo1", "Exemplo1\Exemplo1.csproj", "{EC8C30EF-0A60-4332-B754-353674388BEF}"
EndProject
Global
	GlobalSection(SolutionConfigurationPlatforms) = preSolution
		Debug|Any CPU = Debug|Any CPU
		Release|Any CPU = Release|Any CPU
	EndGlobalSection
	GlobalSection(ProjectConfigurationPlatforms) = postSolution
		{EC8C30EF-0A60-4332-B754-353674388BEF}.Debug|Any CPU.ActiveCfg = Debug|Any CPU
		{EC8C30EF-0A60-4332-B754-353674388BEF}.Debug|Any CPU.Build.0 = Debug|Any CPU
		{EC8C30EF-0A60-4332-B754-353674388BEF}.Release|Any CPU.ActiveCfg = Release|Any CPU
		{EC8C30EF-0A60-4332-B754-353674388BEF}.Release|Any CPU.Build.0 = Release|Any CPU
	EndGlobalSection
EndGlobal
