
Microsoft Visual Studio Solution File, Format Version 11.00
# Visual Studio 2010
# SharpDevelop 5.1
Project("{FAE04EC0-301F-11D3-BF4B-00C04F79EFBC}") = "CálculoVelocidade", "CálculoVelocidade\CálculoVelocidade.csproj", "{97567D64-20EC-4E36-8097-2765AD559D82}"
EndProject
Global
	GlobalSection(SolutionConfigurationPlatforms) = preSolution
		Debug|Any CPU = Debug|Any CPU
		Release|Any CPU = Release|Any CPU
	EndGlobalSection
	GlobalSection(ProjectConfigurationPlatforms) = postSolution
		{97567D64-20EC-4E36-8097-2765AD559D82}.Debug|Any CPU.ActiveCfg = Debug|Any CPU
		{97567D64-20EC-4E36-8097-2765AD559D82}.Debug|Any CPU.Build.0 = Debug|Any CPU
		{97567D64-20EC-4E36-8097-2765AD559D82}.Release|Any CPU.ActiveCfg = Release|Any CPU
		{97567D64-20EC-4E36-8097-2765AD559D82}.Release|Any CPU.Build.0 = Release|Any CPU
	EndGlobalSection
EndGlobal
