
Microsoft Visual Studio Solution File, Format Version 11.00
# Visual Studio 2010
# SharpDevelop 5.1
Project("{FAE04EC0-301F-11D3-BF4B-00C04F79EFBC}") = "Exemplo2_1ds", "Exemplo2_1ds\Exemplo2_1ds.csproj", "{C905CFDA-A576-49DD-9A4B-C20DCEDE37F1}"
EndProject
Global
	GlobalSection(SolutionConfigurationPlatforms) = preSolution
		Debug|Any CPU = Debug|Any CPU
		Release|Any CPU = Release|Any CPU
	EndGlobalSection
	GlobalSection(ProjectConfigurationPlatforms) = postSolution
		{C905CFDA-A576-49DD-9A4B-C20DCEDE37F1}.Debug|Any CPU.ActiveCfg = Debug|Any CPU
		{C905CFDA-A576-49DD-9A4B-C20DCEDE37F1}.Debug|Any CPU.Build.0 = Debug|Any CPU
		{C905CFDA-A576-49DD-9A4B-C20DCEDE37F1}.Release|Any CPU.ActiveCfg = Release|Any CPU
		{C905CFDA-A576-49DD-9A4B-C20DCEDE37F1}.Release|Any CPU.Build.0 = Release|Any CPU
	EndGlobalSection
EndGlobal
