
Microsoft Visual Studio Solution File, Format Version 11.00
# Visual Studio 2010
# SharpDevelop 5.1
Project("{FAE04EC0-301F-11D3-BF4B-00C04F79EFBC}") = "Informando_Numeros", "Informando_Numeros\Informando_Numeros.csproj", "{BDAC7D4D-5653-450A-98AC-6B63EA325E59}"
EndProject
Global
	GlobalSection(SolutionConfigurationPlatforms) = preSolution
		Debug|Any CPU = Debug|Any CPU
		Release|Any CPU = Release|Any CPU
	EndGlobalSection
	GlobalSection(ProjectConfigurationPlatforms) = postSolution
		{BDAC7D4D-5653-450A-98AC-6B63EA325E59}.Debug|Any CPU.ActiveCfg = Debug|Any CPU
		{BDAC7D4D-5653-450A-98AC-6B63EA325E59}.Debug|Any CPU.Build.0 = Debug|Any CPU
		{BDAC7D4D-5653-450A-98AC-6B63EA325E59}.Release|Any CPU.ActiveCfg = Release|Any CPU
		{BDAC7D4D-5653-450A-98AC-6B63EA325E59}.Release|Any CPU.Build.0 = Release|Any CPU
	EndGlobalSection
EndGlobal
