
Microsoft Visual Studio Solution File, Format Version 11.00
# Visual Studio 2010
# SharpDevelop 5.1
Project("{FAE04EC0-301F-11D3-BF4B-00C04F79EFBC}") = "Media_5N", "Media_5N\Media_5N.csproj", "{A9D60313-AF60-43EA-8864-A71C2291B568}"
EndProject
Global
	GlobalSection(SolutionConfigurationPlatforms) = preSolution
		Debug|Any CPU = Debug|Any CPU
		Release|Any CPU = Release|Any CPU
	EndGlobalSection
	GlobalSection(ProjectConfigurationPlatforms) = postSolution
		{A9D60313-AF60-43EA-8864-A71C2291B568}.Debug|Any CPU.ActiveCfg = Debug|Any CPU
		{A9D60313-AF60-43EA-8864-A71C2291B568}.Debug|Any CPU.Build.0 = Debug|Any CPU
		{A9D60313-AF60-43EA-8864-A71C2291B568}.Release|Any CPU.ActiveCfg = Release|Any CPU
		{A9D60313-AF60-43EA-8864-A71C2291B568}.Release|Any CPU.Build.0 = Release|Any CPU
	EndGlobalSection
EndGlobal
